
Microsoft Visual Studio Solution File, Format Version 12.00
# Visual Studio 2017
Project("{FAE04EC0-301F-11D3-BF4B-00C04F79EFBC}") = "MotherShip", "MotherShip.csproj", "{2C191CC3-203E-91CA-0EDD-2953C5492133}"
EndProject
Global
	GlobalSection(SolutionConfigurationPlatforms) = preSolution
		Debug|Any CPU = Debug|Any CPU
		Release|Any CPU = Release|Any CPU
	EndGlobalSection
	GlobalSection(ProjectConfigurationPlatforms) = postSolution
		{2C191CC3-203E-91CA-0EDD-2953C5492133}.Debug|Any CPU.ActiveCfg = Debug|Any CPU
		{2C191CC3-203E-91CA-0EDD-2953C5492133}.Debug|Any CPU.Build.0 = Debug|Any CPU
		{2C191CC3-203E-91CA-0EDD-2953C5492133}.Release|Any CPU.ActiveCfg = Release|Any CPU
		{2C191CC3-203E-91CA-0EDD-2953C5492133}.Release|Any CPU.Build.0 = Release|Any CPU
	EndGlobalSection
	GlobalSection(SolutionProperties) = preSolution
		HideSolutionNode = FALSE
	EndGlobalSection
EndGlobal
